
Microsoft Visual Studio Solution File, Format Version 12.00
# Visual Studio Version 16
VisualStudioVersion = 16.0.30523.141
MinimumVisualStudioVersion = 10.0.40219.1
Project("{FAE04EC0-301F-11D3-BF4B-00C04F79EFBC}") = "Georgescu_Diana_Lab5", "Georgescu_Diana_Lab5.csproj", "{8F35C301-D846-46F9-9B6F-B22BA7690691}"
EndProject
Global
	GlobalSection(SolutionConfigurationPlatforms) = preSolution
		Debug|Any CPU = Debug|Any CPU
		Release|Any CPU = Release|Any CPU
	EndGlobalSection
	GlobalSection(ProjectConfigurationPlatforms) = postSolution
		{8F35C301-D846-46F9-9B6F-B22BA7690691}.Debug|Any CPU.ActiveCfg = Debug|Any CPU
		{8F35C301-D846-46F9-9B6F-B22BA7690691}.Debug|Any CPU.Build.0 = Debug|Any CPU
		{8F35C301-D846-46F9-9B6F-B22BA7690691}.Release|Any CPU.ActiveCfg = Release|Any CPU
		{8F35C301-D846-46F9-9B6F-B22BA7690691}.Release|Any CPU.Build.0 = Release|Any CPU
	EndGlobalSection
	GlobalSection(SolutionProperties) = preSolution
		HideSolutionNode = FALSE
	EndGlobalSection
	GlobalSection(ExtensibilityGlobals) = postSolution
		SolutionGuid = {2321DF16-DE16-472C-862E-05FC0DF48E32}
	EndGlobalSection
EndGlobal
